
Microsoft Visual Studio Solution File, Format Version 12.00
# Visual Studio 15
VisualStudioVersion = 15.0.27428.2005
MinimumVisualStudioVersion = 10.0.40219.1
Project("{9A19103F-16F7-4668-BE54-9A1E7A4F7556}") = "SignalRCore", "SignalRCore\SignalRCore.csproj", "{21D23F07-039C-4639-B910-8918C67E162C}"
EndProject
Project("{9A19103F-16F7-4668-BE54-9A1E7A4F7556}") = "ConsoleClient", "ConsoleClient\ConsoleClient.csproj", "{9181DB30-4DB7-4BE1-A30B-A1B3F70CD839}"
EndProject
Global
	GlobalSection(SolutionConfigurationPlatforms) = preSolution
		Debug|Any CPU = Debug|Any CPU
		Release|Any CPU = Release|Any CPU
	EndGlobalSection
	GlobalSection(ProjectConfigurationPlatforms) = postSolution
		{21D23F07-039C-4639-B910-8918C67E162C}.Debug|Any CPU.ActiveCfg = Debug|Any CPU
		{21D23F07-039C-4639-B910-8918C67E162C}.Debug|Any CPU.Build.0 = Debug|Any CPU
		{21D23F07-039C-4639-B910-8918C67E162C}.Release|Any CPU.ActiveCfg = Release|Any CPU
		{21D23F07-039C-4639-B910-8918C67E162C}.Release|Any CPU.Build.0 = Release|Any CPU
		{9181DB30-4DB7-4BE1-A30B-A1B3F70CD839}.Debug|Any CPU.ActiveCfg = Debug|Any CPU
		{9181DB30-4DB7-4BE1-A30B-A1B3F70CD839}.Debug|Any CPU.Build.0 = Debug|Any CPU
		{9181DB30-4DB7-4BE1-A30B-A1B3F70CD839}.Release|Any CPU.ActiveCfg = Release|Any CPU
		{9181DB30-4DB7-4BE1-A30B-A1B3F70CD839}.Release|Any CPU.Build.0 = Release|Any CPU
	EndGlobalSection
	GlobalSection(SolutionProperties) = preSolution
		HideSolutionNode = FALSE
	EndGlobalSection
	GlobalSection(ExtensibilityGlobals) = postSolution
		SolutionGuid = {3D3EAD15-8710-426C-AE8F-FBA8E5294A63}
	EndGlobalSection
EndGlobal
