
Microsoft Visual Studio Solution File, Format Version 12.00
# Visual Studio 15
VisualStudioVersion = 15.0.27428.2005
MinimumVisualStudioVersion = 10.0.40219.1
Project("{9A19103F-16F7-4668-BE54-9A1E7A4F7556}") = "SignalRCore", "SignalRCore\SignalRCore.csproj", "{21D23F07-039C-4639-B910-8918C67E162C}"
EndProject
Project("{E53339B2-1760-4266-BCC7-CA923CBCF16C}") = "docker-compose", "docker-compose.dcproj", "{A1EEA963-5C8F-4344-B2DF-DC92C13B4033}"
EndProject
Project("{9A19103F-16F7-4668-BE54-9A1E7A4F7556}") = "ConsoleClient", "..\ConsoleClient\ConsoleClient.csproj", "{745FDE98-B23C-49DC-907F-9E1826601A6F}"
EndProject
Global
	GlobalSection(SolutionConfigurationPlatforms) = preSolution
		Debug|Any CPU = Debug|Any CPU
		Release|Any CPU = Release|Any CPU
	EndGlobalSection
	GlobalSection(ProjectConfigurationPlatforms) = postSolution
		{21D23F07-039C-4639-B910-8918C67E162C}.Debug|Any CPU.ActiveCfg = Debug|Any CPU
		{21D23F07-039C-4639-B910-8918C67E162C}.Debug|Any CPU.Build.0 = Debug|Any CPU
		{21D23F07-039C-4639-B910-8918C67E162C}.Release|Any CPU.ActiveCfg = Release|Any CPU
		{21D23F07-039C-4639-B910-8918C67E162C}.Release|Any CPU.Build.0 = Release|Any CPU
		{A1EEA963-5C8F-4344-B2DF-DC92C13B4033}.Debug|Any CPU.ActiveCfg = Debug|Any CPU
		{A1EEA963-5C8F-4344-B2DF-DC92C13B4033}.Debug|Any CPU.Build.0 = Debug|Any CPU
		{A1EEA963-5C8F-4344-B2DF-DC92C13B4033}.Release|Any CPU.ActiveCfg = Release|Any CPU
		{A1EEA963-5C8F-4344-B2DF-DC92C13B4033}.Release|Any CPU.Build.0 = Release|Any CPU
		{745FDE98-B23C-49DC-907F-9E1826601A6F}.Debug|Any CPU.ActiveCfg = Debug|Any CPU
		{745FDE98-B23C-49DC-907F-9E1826601A6F}.Debug|Any CPU.Build.0 = Debug|Any CPU
		{745FDE98-B23C-49DC-907F-9E1826601A6F}.Release|Any CPU.ActiveCfg = Release|Any CPU
		{745FDE98-B23C-49DC-907F-9E1826601A6F}.Release|Any CPU.Build.0 = Release|Any CPU
	EndGlobalSection
	GlobalSection(SolutionProperties) = preSolution
		HideSolutionNode = FALSE
	EndGlobalSection
	GlobalSection(ExtensibilityGlobals) = postSolution
		SolutionGuid = {3D3EAD15-8710-426C-AE8F-FBA8E5294A63}
	EndGlobalSection
EndGlobal
