
Microsoft Visual Studio Solution File, Format Version 12.00
# Visual Studio 15
VisualStudioVersion = 15.0.27428.2005
MinimumVisualStudioVersion = 10.0.40219.1
Project("{FAE04EC0-301F-11D3-BF4B-00C04F79EFBC}") = "SignalRCore", "SignalRCore\SignalRCore.csproj", "{21D23F07-039C-4639-B910-8918C67E162C}"
EndProject
Project("{E53339B2-1760-4266-BCC7-CA923CBCF16C}") = "docker-compose", "docker-compose.dcproj", "{A1EEA963-5C8F-4344-B2DF-DC92C13B4033}"
EndProject
Global
	GlobalSection(SolutionConfigurationPlatforms) = preSolution
		Debug|Any CPU = Debug|Any CPU
		Release|Any CPU = Release|Any CPU
	EndGlobalSection
	GlobalSection(ProjectConfigurationPlatforms) = postSolution
		{21D23F07-039C-4639-B910-8918C67E162C}.Debug|Any CPU.ActiveCfg = Debug|Any CPU
		{21D23F07-039C-4639-B910-8918C67E162C}.Debug|Any CPU.Build.0 = Debug|Any CPU
		{21D23F07-039C-4639-B910-8918C67E162C}.Release|Any CPU.ActiveCfg = Release|Any CPU
		{21D23F07-039C-4639-B910-8918C67E162C}.Release|Any CPU.Build.0 = Release|Any CPU
		{A1EEA963-5C8F-4344-B2DF-DC92C13B4033}.Debug|Any CPU.ActiveCfg = Debug|Any CPU
		{A1EEA963-5C8F-4344-B2DF-DC92C13B4033}.Debug|Any CPU.Build.0 = Debug|Any CPU
		{A1EEA963-5C8F-4344-B2DF-DC92C13B4033}.Release|Any CPU.ActiveCfg = Release|Any CPU
		{A1EEA963-5C8F-4344-B2DF-DC92C13B4033}.Release|Any CPU.Build.0 = Release|Any CPU
	EndGlobalSection
	GlobalSection(SolutionProperties) = preSolution
		HideSolutionNode = FALSE
	EndGlobalSection
	GlobalSection(ExtensibilityGlobals) = postSolution
		SolutionGuid = {3D3EAD15-8710-426C-AE8F-FBA8E5294A63}
	EndGlobalSection
EndGlobal
